{
  "name": "bootstrapper",
  "version": "1.0.0",
  "lockfileVersion": 1,
  "requires": true,
  "dependencies": {
    "copy-dir": {
      "version": "1.3.0",
      "resolved": "https://registry.npmjs.org/copy-dir/-/copy-dir-1.3.0.tgz",
      "integrity": "sha512-Q4+qBFnN4bwGwvtXXzbp4P/4iNk0MaiGAzvQ8OiMtlLjkIKjmNN689uVzShSM0908q7GoFHXIPx4zi75ocoaHw=="
    }
  }
}
